
Microsoft Visual Studio Solution File, Format Version 12.00
# Visual Studio Version 17
VisualStudioVersion = 17.10.35027.167
MinimumVisualStudioVersion = 10.0.40219.1
Project("{9A19103F-16F7-4668-BE54-9A1E7A4F7556}") = "Expense App", "Expense App.csproj", "{FFC40B00-F779-496E-87B7-FB90678DD66C}"
EndProject
Project("{FAE04EC0-301F-11D3-BF4B-00C04F79EFBC}") = "WepApp1", "..\..\..\OneDrive\Desktop\WepApp1\WepApp1.csproj", "{22D3487E-5891-4A07-BC05-FB0E567D42B6}"
EndProject
Global
	GlobalSection(SolutionConfigurationPlatforms) = preSolution
		Debug|Any CPU = Debug|Any CPU
		Release|Any CPU = Release|Any CPU
	EndGlobalSection
	GlobalSection(ProjectConfigurationPlatforms) = postSolution
		{FFC40B00-F779-496E-87B7-FB90678DD66C}.Debug|Any CPU.ActiveCfg = Debug|Any CPU
		{FFC40B00-F779-496E-87B7-FB90678DD66C}.Debug|Any CPU.Build.0 = Debug|Any CPU
		{FFC40B00-F779-496E-87B7-FB90678DD66C}.Release|Any CPU.ActiveCfg = Release|Any CPU
		{FFC40B00-F779-496E-87B7-FB90678DD66C}.Release|Any CPU.Build.0 = Release|Any CPU
		{22D3487E-5891-4A07-BC05-FB0E567D42B6}.Debug|Any CPU.ActiveCfg = Debug|Any CPU
		{22D3487E-5891-4A07-BC05-FB0E567D42B6}.Debug|Any CPU.Build.0 = Debug|Any CPU
		{22D3487E-5891-4A07-BC05-FB0E567D42B6}.Release|Any CPU.ActiveCfg = Release|Any CPU
		{22D3487E-5891-4A07-BC05-FB0E567D42B6}.Release|Any CPU.Build.0 = Release|Any CPU
	EndGlobalSection
	GlobalSection(SolutionProperties) = preSolution
		HideSolutionNode = FALSE
	EndGlobalSection
	GlobalSection(ExtensibilityGlobals) = postSolution
		SolutionGuid = {E2BA7433-590C-4C64-877D-865BA04639F4}
	EndGlobalSection
EndGlobal
